uuid: 39ae1c7e-3fa0-4616-a8f9-cd0fab8d8e4c
langcode: fr
status: true
dependencies: {  }
_core:
  default_config_hash: 5B0WCCKOBdOYZxfM-iLEYNnOkuRD_dV5oEESAQOBvGA
id: footer_promo_block
label: 'Footer promo block'
revision: false
description: 'A footer promo block contains a title, promo text, and a "find out more" link.'
